
Microsoft Visual Studio Solution File, Format Version 12.00
# Visual Studio Version 16
VisualStudioVersion = 16.0.34407.143
MinimumVisualStudioVersion = 10.0.40219.1
Project("{FAE04EC0-301F-11D3-BF4B-00C04F79EFBC}") = "CooperApp.Android", "CooperApp.Android\CooperApp.Android.csproj", "{0D98DAF4-9D61-445D-B1AE-92A851E4A8C5}"
EndProject
Project("{FAE04EC0-301F-11D3-BF4B-00C04F79EFBC}") = "CooperApp.iOS", "CooperApp.iOS\CooperApp.iOS.csproj", "{03CC6E05-E5E5-4695-A7FC-DCF62A3B17CA}"
EndProject
Project("{FAE04EC0-301F-11D3-BF4B-00C04F79EFBC}") = "CooperApp", "CooperApp\CooperApp.csproj", "{3DEDFF6D-8859-4A09-AEEC-F7AF5FD5C2AE}"
EndProject
Global
	GlobalSection(SolutionConfigurationPlatforms) = preSolution
		Debug|Any CPU = Debug|Any CPU
		Debug|iPhone = Debug|iPhone
		Debug|iPhoneSimulator = Debug|iPhoneSimulator
		Release|Any CPU = Release|Any CPU
		Release|iPhone = Release|iPhone
		Release|iPhoneSimulator = Release|iPhoneSimulator
	EndGlobalSection
	GlobalSection(ProjectConfigurationPlatforms) = postSolution
		{0D98DAF4-9D61-445D-B1AE-92A851E4A8C5}.Debug|Any CPU.ActiveCfg = Debug|Any CPU
		{0D98DAF4-9D61-445D-B1AE-92A851E4A8C5}.Debug|Any CPU.Build.0 = Debug|Any CPU
		{0D98DAF4-9D61-445D-B1AE-92A851E4A8C5}.Debug|Any CPU.Deploy.0 = Debug|Any CPU
		{0D98DAF4-9D61-445D-B1AE-92A851E4A8C5}.Debug|iPhone.ActiveCfg = Debug|Any CPU
		{0D98DAF4-9D61-445D-B1AE-92A851E4A8C5}.Debug|iPhone.Build.0 = Debug|Any CPU
		{0D98DAF4-9D61-445D-B1AE-92A851E4A8C5}.Debug|iPhone.Deploy.0 = Debug|Any CPU
		{0D98DAF4-9D61-445D-B1AE-92A851E4A8C5}.Debug|iPhoneSimulator.ActiveCfg = Debug|Any CPU
		{0D98DAF4-9D61-445D-B1AE-92A851E4A8C5}.Debug|iPhoneSimulator.Build.0 = Debug|Any CPU
		{0D98DAF4-9D61-445D-B1AE-92A851E4A8C5}.Debug|iPhoneSimulator.Deploy.0 = Debug|Any CPU
		{0D98DAF4-9D61-445D-B1AE-92A851E4A8C5}.Release|Any CPU.ActiveCfg = Release|Any CPU
		{0D98DAF4-9D61-445D-B1AE-92A851E4A8C5}.Release|Any CPU.Build.0 = Release|Any CPU
		{0D98DAF4-9D61-445D-B1AE-92A851E4A8C5}.Release|Any CPU.Deploy.0 = Release|Any CPU
		{0D98DAF4-9D61-445D-B1AE-92A851E4A8C5}.Release|iPhone.ActiveCfg = Release|Any CPU
		{0D98DAF4-9D61-445D-B1AE-92A851E4A8C5}.Release|iPhone.Build.0 = Release|Any CPU
		{0D98DAF4-9D61-445D-B1AE-92A851E4A8C5}.Release|iPhone.Deploy.0 = Release|Any CPU
		{0D98DAF4-9D61-445D-B1AE-92A851E4A8C5}.Release|iPhoneSimulator.ActiveCfg = Release|Any CPU
		{0D98DAF4-9D61-445D-B1AE-92A851E4A8C5}.Release|iPhoneSimulator.Build.0 = Release|Any CPU
		{0D98DAF4-9D61-445D-B1AE-92A851E4A8C5}.Release|iPhoneSimulator.Deploy.0 = Release|Any CPU
		{03CC6E05-E5E5-4695-A7FC-DCF62A3B17CA}.Debug|Any CPU.ActiveCfg = Debug|iPhone
		{03CC6E05-E5E5-4695-A7FC-DCF62A3B17CA}.Debug|Any CPU.Build.0 = Debug|iPhone
		{03CC6E05-E5E5-4695-A7FC-DCF62A3B17CA}.Debug|Any CPU.Deploy.0 = Debug|iPhone
		{03CC6E05-E5E5-4695-A7FC-DCF62A3B17CA}.Debug|iPhone.ActiveCfg = Debug|iPhone
		{03CC6E05-E5E5-4695-A7FC-DCF62A3B17CA}.Debug|iPhone.Build.0 = Debug|iPhone
		{03CC6E05-E5E5-4695-A7FC-DCF62A3B17CA}.Debug|iPhone.Deploy.0 = Debug|iPhone
		{03CC6E05-E5E5-4695-A7FC-DCF62A3B17CA}.Debug|iPhoneSimulator.ActiveCfg = Debug|iPhoneSimulator
		{03CC6E05-E5E5-4695-A7FC-DCF62A3B17CA}.Debug|iPhoneSimulator.Build.0 = Debug|iPhoneSimulator
		{03CC6E05-E5E5-4695-A7FC-DCF62A3B17CA}.Debug|iPhoneSimulator.Deploy.0 = Debug|iPhoneSimulator
		{03CC6E05-E5E5-4695-A7FC-DCF62A3B17CA}.Release|Any CPU.ActiveCfg = Release|iPhoneSimulator
		{03CC6E05-E5E5-4695-A7FC-DCF62A3B17CA}.Release|Any CPU.Build.0 = Release|iPhoneSimulator
		{03CC6E05-E5E5-4695-A7FC-DCF62A3B17CA}.Release|Any CPU.Deploy.0 = Release|iPhoneSimulator
		{03CC6E05-E5E5-4695-A7FC-DCF62A3B17CA}.Release|iPhone.ActiveCfg = Release|iPhone
		{03CC6E05-E5E5-4695-A7FC-DCF62A3B17CA}.Release|iPhone.Build.0 = Release|iPhone
		{03CC6E05-E5E5-4695-A7FC-DCF62A3B17CA}.Release|iPhone.Deploy.0 = Release|iPhone
		{03CC6E05-E5E5-4695-A7FC-DCF62A3B17CA}.Release|iPhoneSimulator.ActiveCfg = Release|iPhoneSimulator
		{03CC6E05-E5E5-4695-A7FC-DCF62A3B17CA}.Release|iPhoneSimulator.Build.0 = Release|iPhoneSimulator
		{03CC6E05-E5E5-4695-A7FC-DCF62A3B17CA}.Release|iPhoneSimulator.Deploy.0 = Release|iPhoneSimulator
		{3DEDFF6D-8859-4A09-AEEC-F7AF5FD5C2AE}.Debug|Any CPU.ActiveCfg = Debug|Any CPU
		{3DEDFF6D-8859-4A09-AEEC-F7AF5FD5C2AE}.Debug|Any CPU.Build.0 = Debug|Any CPU
		{3DEDFF6D-8859-4A09-AEEC-F7AF5FD5C2AE}.Debug|Any CPU.Deploy.0 = Debug|Any CPU
		{3DEDFF6D-8859-4A09-AEEC-F7AF5FD5C2AE}.Debug|iPhone.ActiveCfg = Debug|Any CPU
		{3DEDFF6D-8859-4A09-AEEC-F7AF5FD5C2AE}.Debug|iPhone.Build.0 = Debug|Any CPU
		{3DEDFF6D-8859-4A09-AEEC-F7AF5FD5C2AE}.Debug|iPhone.Deploy.0 = Debug|Any CPU
		{3DEDFF6D-8859-4A09-AEEC-F7AF5FD5C2AE}.Debug|iPhoneSimulator.ActiveCfg = Debug|Any CPU
		{3DEDFF6D-8859-4A09-AEEC-F7AF5FD5C2AE}.Debug|iPhoneSimulator.Build.0 = Debug|Any CPU
		{3DEDFF6D-8859-4A09-AEEC-F7AF5FD5C2AE}.Debug|iPhoneSimulator.Deploy.0 = Debug|Any CPU
		{3DEDFF6D-8859-4A09-AEEC-F7AF5FD5C2AE}.Release|Any CPU.ActiveCfg = Release|Any CPU
		{3DEDFF6D-8859-4A09-AEEC-F7AF5FD5C2AE}.Release|Any CPU.Build.0 = Release|Any CPU
		{3DEDFF6D-8859-4A09-AEEC-F7AF5FD5C2AE}.Release|Any CPU.Deploy.0 = Release|Any CPU
		{3DEDFF6D-8859-4A09-AEEC-F7AF5FD5C2AE}.Release|iPhone.ActiveCfg = Release|Any CPU
		{3DEDFF6D-8859-4A09-AEEC-F7AF5FD5C2AE}.Release|iPhone.Build.0 = Release|Any CPU
		{3DEDFF6D-8859-4A09-AEEC-F7AF5FD5C2AE}.Release|iPhone.Deploy.0 = Release|Any CPU
		{3DEDFF6D-8859-4A09-AEEC-F7AF5FD5C2AE}.Release|iPhoneSimulator.ActiveCfg = Release|Any CPU
		{3DEDFF6D-8859-4A09-AEEC-F7AF5FD5C2AE}.Release|iPhoneSimulator.Build.0 = Release|Any CPU
		{3DEDFF6D-8859-4A09-AEEC-F7AF5FD5C2AE}.Release|iPhoneSimulator.Deploy.0 = Release|Any CPU
	EndGlobalSection
	GlobalSection(SolutionProperties) = preSolution
		HideSolutionNode = FALSE
	EndGlobalSection
	GlobalSection(ExtensibilityGlobals) = postSolution
		SolutionGuid = {14531877-2C94-471D-9080-FB9761CBE8F3}
	EndGlobalSection
EndGlobal
